
Microsoft Visual Studio Solution File, Format Version 12.00
Project("{2150E333-8FDC-42A3-9474-1A3956D46DE8}") = "src", "src", "{C463AFE9-4584-4E33-A3C7-EFFCFBFDA727}"
EndProject
Project("{2150E333-8FDC-42A3-9474-1A3956D46DE8}") = "ApiGateways", "ApiGateways", "{FE1F0913-3FB0-422A-B3E2-8EF14B8E9ED4}"
EndProject
Project("{2150E333-8FDC-42A3-9474-1A3956D46DE8}") = "WebApiGateway", "WebApiGateway", "{E27073F3-6697-40A1-9E73-0ABE03D60BCF}"
EndProject
Project("{2150E333-8FDC-42A3-9474-1A3956D46DE8}") = "BuildingBlocks", "BuildingBlocks", "{33962187-B0F2-4138-9416-FC4DA7BD84BD}"
EndProject
Project("{2150E333-8FDC-42A3-9474-1A3956D46DE8}") = "Clients", "Clients", "{A985AA91-39D9-49BF-ADFD-9E7EC53170EA}"
EndProject
Project("{2150E333-8FDC-42A3-9474-1A3956D46DE8}") = "Services", "Services", "{6417B9B4-BE1A-426D-8A67-D2A43B3698A7}"
EndProject
Project("{FAE04EC0-301F-11D3-BF4B-00C04F79EFBC}") = "Web.ApiGateway", "src\ApiGateways\WebApiGateway\Web.ApiGateway\Web.ApiGateway.csproj", "{89448815-DE70-407A-A0B2-606FA81C9D42}"
EndProject
Project("{2150E333-8FDC-42A3-9474-1A3956D46DE8}") = "EventBus", "EventBus", "{9B4B5570-041D-4C1E-818D-9A223D1327C5}"
EndProject
Project("{FAE04EC0-301F-11D3-BF4B-00C04F79EFBC}") = "EventBus.Base", "src\BuildingBlocks\EventBus\EventBus.Base\EventBus.Base.csproj", "{F6341F88-4600-4D0D-8150-E417896BE78E}"
EndProject
Project("{FAE04EC0-301F-11D3-BF4B-00C04F79EFBC}") = "EventBus.Factory", "src\BuildingBlocks\EventBus\EventBus.Factory\EventBus.Factory.csproj", "{2B8041AF-9BFA-4FC4-8D95-E70CB5B3CDBA}"
EndProject
Project("{FAE04EC0-301F-11D3-BF4B-00C04F79EFBC}") = "EventBus.RabbitMQ", "src\BuildingBlocks\EventBus\EventBus.RabbitMQ\EventBus.RabbitMQ.csproj", "{D1C16354-7028-4F09-B086-78431A294F82}"
EndProject
Project("{2150E333-8FDC-42A3-9474-1A3956D46DE8}") = "PhonebookService", "PhonebookService", "{94B64769-A2E2-49AE-9993-B26C2659B5F7}"
EndProject
Project("{2150E333-8FDC-42A3-9474-1A3956D46DE8}") = "ReportingService", "ReportingService", "{88AFF92C-BB54-4827-9AE0-E8CB55E8A414}"
EndProject
Project("{FAE04EC0-301F-11D3-BF4B-00C04F79EFBC}") = "PhonebookService.Api", "src\Services\PhonebookService\PhonebookService.Api\PhonebookService.Api.csproj", "{B763BEA6-63C0-4B01-B421-89A9A173B92D}"
EndProject
Project("{FAE04EC0-301F-11D3-BF4B-00C04F79EFBC}") = "ReportingService.Api", "src\Services\ReportingService\ReportingService.Api\ReportingService.Api.csproj", "{48AFA2D4-42B6-4230-A737-A16CB07ECCE4}"
EndProject
Project("{2150E333-8FDC-42A3-9474-1A3956D46DE8}") = "tests", "tests", "{7A9C4D3D-E13F-48EC-997D-40F42DCBD39B}"
EndProject
Project("{2150E333-8FDC-42A3-9474-1A3956D46DE8}") = "BuildingBlocks", "BuildingBlocks", "{761A8935-BB8C-4FC1-AAA6-B0B5DFFB41E1}"
EndProject
Project("{FAE04EC0-301F-11D3-BF4B-00C04F79EFBC}") = "EventBus.UnitTest", "tests\BuildingBlocks\EventBus.UnitTest\EventBus.UnitTest.csproj", "{2AA231E1-A79F-40B4-8DED-71668EA4D4B5}"
EndProject
Project("{2150E333-8FDC-42A3-9474-1A3956D46DE8}") = "static", "static", "{135ED2C7-EBD1-4C8E-9A87-5A2DC3853C4E}"
EndProject
Global
	GlobalSection(SolutionConfigurationPlatforms) = preSolution
		Debug|Any CPU = Debug|Any CPU
		Release|Any CPU = Release|Any CPU
	EndGlobalSection
	GlobalSection(NestedProjects) = preSolution
		{FE1F0913-3FB0-422A-B3E2-8EF14B8E9ED4} = {C463AFE9-4584-4E33-A3C7-EFFCFBFDA727}
		{E27073F3-6697-40A1-9E73-0ABE03D60BCF} = {FE1F0913-3FB0-422A-B3E2-8EF14B8E9ED4}
		{33962187-B0F2-4138-9416-FC4DA7BD84BD} = {C463AFE9-4584-4E33-A3C7-EFFCFBFDA727}
		{A985AA91-39D9-49BF-ADFD-9E7EC53170EA} = {C463AFE9-4584-4E33-A3C7-EFFCFBFDA727}
		{6417B9B4-BE1A-426D-8A67-D2A43B3698A7} = {C463AFE9-4584-4E33-A3C7-EFFCFBFDA727}
		{89448815-DE70-407A-A0B2-606FA81C9D42} = {E27073F3-6697-40A1-9E73-0ABE03D60BCF}
		{9B4B5570-041D-4C1E-818D-9A223D1327C5} = {33962187-B0F2-4138-9416-FC4DA7BD84BD}
		{F6341F88-4600-4D0D-8150-E417896BE78E} = {9B4B5570-041D-4C1E-818D-9A223D1327C5}
		{2B8041AF-9BFA-4FC4-8D95-E70CB5B3CDBA} = {9B4B5570-041D-4C1E-818D-9A223D1327C5}
		{D1C16354-7028-4F09-B086-78431A294F82} = {9B4B5570-041D-4C1E-818D-9A223D1327C5}
		{94B64769-A2E2-49AE-9993-B26C2659B5F7} = {6417B9B4-BE1A-426D-8A67-D2A43B3698A7}
		{88AFF92C-BB54-4827-9AE0-E8CB55E8A414} = {6417B9B4-BE1A-426D-8A67-D2A43B3698A7}
		{B763BEA6-63C0-4B01-B421-89A9A173B92D} = {94B64769-A2E2-49AE-9993-B26C2659B5F7}
		{48AFA2D4-42B6-4230-A737-A16CB07ECCE4} = {88AFF92C-BB54-4827-9AE0-E8CB55E8A414}
		{761A8935-BB8C-4FC1-AAA6-B0B5DFFB41E1} = {7A9C4D3D-E13F-48EC-997D-40F42DCBD39B}
		{2AA231E1-A79F-40B4-8DED-71668EA4D4B5} = {761A8935-BB8C-4FC1-AAA6-B0B5DFFB41E1}
	EndGlobalSection
	GlobalSection(ProjectConfigurationPlatforms) = postSolution
		{89448815-DE70-407A-A0B2-606FA81C9D42}.Debug|Any CPU.ActiveCfg = Debug|Any CPU
		{89448815-DE70-407A-A0B2-606FA81C9D42}.Debug|Any CPU.Build.0 = Debug|Any CPU
		{89448815-DE70-407A-A0B2-606FA81C9D42}.Release|Any CPU.ActiveCfg = Release|Any CPU
		{89448815-DE70-407A-A0B2-606FA81C9D42}.Release|Any CPU.Build.0 = Release|Any CPU
		{F6341F88-4600-4D0D-8150-E417896BE78E}.Debug|Any CPU.ActiveCfg = Debug|Any CPU
		{F6341F88-4600-4D0D-8150-E417896BE78E}.Debug|Any CPU.Build.0 = Debug|Any CPU
		{F6341F88-4600-4D0D-8150-E417896BE78E}.Release|Any CPU.ActiveCfg = Release|Any CPU
		{F6341F88-4600-4D0D-8150-E417896BE78E}.Release|Any CPU.Build.0 = Release|Any CPU
		{2B8041AF-9BFA-4FC4-8D95-E70CB5B3CDBA}.Debug|Any CPU.ActiveCfg = Debug|Any CPU
		{2B8041AF-9BFA-4FC4-8D95-E70CB5B3CDBA}.Debug|Any CPU.Build.0 = Debug|Any CPU
		{2B8041AF-9BFA-4FC4-8D95-E70CB5B3CDBA}.Release|Any CPU.ActiveCfg = Release|Any CPU
		{2B8041AF-9BFA-4FC4-8D95-E70CB5B3CDBA}.Release|Any CPU.Build.0 = Release|Any CPU
		{D1C16354-7028-4F09-B086-78431A294F82}.Debug|Any CPU.ActiveCfg = Debug|Any CPU
		{D1C16354-7028-4F09-B086-78431A294F82}.Debug|Any CPU.Build.0 = Debug|Any CPU
		{D1C16354-7028-4F09-B086-78431A294F82}.Release|Any CPU.ActiveCfg = Release|Any CPU
		{D1C16354-7028-4F09-B086-78431A294F82}.Release|Any CPU.Build.0 = Release|Any CPU
		{B763BEA6-63C0-4B01-B421-89A9A173B92D}.Debug|Any CPU.ActiveCfg = Debug|Any CPU
		{B763BEA6-63C0-4B01-B421-89A9A173B92D}.Debug|Any CPU.Build.0 = Debug|Any CPU
		{B763BEA6-63C0-4B01-B421-89A9A173B92D}.Release|Any CPU.ActiveCfg = Release|Any CPU
		{B763BEA6-63C0-4B01-B421-89A9A173B92D}.Release|Any CPU.Build.0 = Release|Any CPU
		{48AFA2D4-42B6-4230-A737-A16CB07ECCE4}.Debug|Any CPU.ActiveCfg = Debug|Any CPU
		{48AFA2D4-42B6-4230-A737-A16CB07ECCE4}.Debug|Any CPU.Build.0 = Debug|Any CPU
		{48AFA2D4-42B6-4230-A737-A16CB07ECCE4}.Release|Any CPU.ActiveCfg = Release|Any CPU
		{48AFA2D4-42B6-4230-A737-A16CB07ECCE4}.Release|Any CPU.Build.0 = Release|Any CPU
		{2AA231E1-A79F-40B4-8DED-71668EA4D4B5}.Debug|Any CPU.ActiveCfg = Debug|Any CPU
		{2AA231E1-A79F-40B4-8DED-71668EA4D4B5}.Debug|Any CPU.Build.0 = Debug|Any CPU
		{2AA231E1-A79F-40B4-8DED-71668EA4D4B5}.Release|Any CPU.ActiveCfg = Release|Any CPU
		{2AA231E1-A79F-40B4-8DED-71668EA4D4B5}.Release|Any CPU.Build.0 = Release|Any CPU
	EndGlobalSection
EndGlobal
